
Microsoft Visual Studio Solution File, Format Version 11.00
# Visual Studio 2010
Project("{FAE04EC0-301F-11D3-BF4B-00C04F79EFBC}") = "Assembly-CSharp", "Assembly-CSharp.csproj", "{884486E8-B99F-8EDE-F753-043AB254F7B8}"
EndProject
Project("{FAE04EC0-301F-11D3-BF4B-00C04F79EFBC}") = "Assembly-CSharp-Editor-firstpass", "Assembly-CSharp-Editor-firstpass.csproj", "{7FB41589-1AC9-1651-01BF-B0530DA1432C}"
EndProject
Global
	GlobalSection(SolutionConfigurationPlatforms) = preSolution
		Debug|Any CPU = Debug|Any CPU
		Release|Any CPU = Release|Any CPU
	EndGlobalSection
	GlobalSection(ProjectConfigurationPlatforms) = postSolution
		{884486E8-B99F-8EDE-F753-043AB254F7B8}.Debug|Any CPU.ActiveCfg = Debug|Any CPU
		{884486E8-B99F-8EDE-F753-043AB254F7B8}.Debug|Any CPU.Build.0 = Debug|Any CPU
		{884486E8-B99F-8EDE-F753-043AB254F7B8}.Release|Any CPU.ActiveCfg = Release|Any CPU
		{884486E8-B99F-8EDE-F753-043AB254F7B8}.Release|Any CPU.Build.0 = Release|Any CPU
		{7FB41589-1AC9-1651-01BF-B0530DA1432C}.Debug|Any CPU.ActiveCfg = Debug|Any CPU
		{7FB41589-1AC9-1651-01BF-B0530DA1432C}.Debug|Any CPU.Build.0 = Debug|Any CPU
		{7FB41589-1AC9-1651-01BF-B0530DA1432C}.Release|Any CPU.ActiveCfg = Release|Any CPU
		{7FB41589-1AC9-1651-01BF-B0530DA1432C}.Release|Any CPU.Build.0 = Release|Any CPU
	EndGlobalSection
	GlobalSection(SolutionProperties) = preSolution
		HideSolutionNode = FALSE
	EndGlobalSection
EndGlobal
