
Microsoft Visual Studio Solution File, Format Version 12.00
# Visual Studio 15
Project("{FAE04EC0-301F-11D3-BF4B-00C04F79EFBC}") = "Assembly-CSharp", "Assembly-CSharp.csproj", "{BC81A0D3-1B97-11E8-2D64-F957980DCE04}"
EndProject
Project("{FAE04EC0-301F-11D3-BF4B-00C04F79EFBC}") = "Oculus.VR", "Oculus.VR.csproj", "{4633E4D6-5223-71BF-F883-DEC73972D302}"
EndProject
Project("{FAE04EC0-301F-11D3-BF4B-00C04F79EFBC}") = "Oculus.Platform", "Oculus.Platform.csproj", "{72BF2F8F-90C7-D76C-5D12-A7FC2461DAC1}"
EndProject
Project("{FAE04EC0-301F-11D3-BF4B-00C04F79EFBC}") = "Assembly-CSharp-Editor", "Assembly-CSharp-Editor.csproj", "{CBDA3C5D-C4D2-2043-E210-525795C399F2}"
EndProject
Project("{FAE04EC0-301F-11D3-BF4B-00C04F79EFBC}") = "Oculus.VR.Scripts.Editor", "Oculus.VR.Scripts.Editor.csproj", "{36EA610A-7048-E98C-8EFA-09FF8A76A4B9}"
EndProject
Project("{FAE04EC0-301F-11D3-BF4B-00C04F79EFBC}") = "Oculus.VR.Editor", "Oculus.VR.Editor.csproj", "{50593D10-C56C-43C1-583D-8BC715A299F6}"
EndProject
Project("{FAE04EC0-301F-11D3-BF4B-00C04F79EFBC}") = "Oculus.Platform.Editor", "Oculus.Platform.Editor.csproj", "{EDF735A9-7F73-9FC5-E011-92D5BE48D40E}"
EndProject
Global
	GlobalSection(SolutionConfigurationPlatforms) = preSolution
		Debug|Any CPU = Debug|Any CPU
		Release|Any CPU = Release|Any CPU
	EndGlobalSection
	GlobalSection(ProjectConfigurationPlatforms) = postSolution
		{BC81A0D3-1B97-11E8-2D64-F957980DCE04}.Debug|Any CPU.ActiveCfg = Debug|Any CPU
		{BC81A0D3-1B97-11E8-2D64-F957980DCE04}.Debug|Any CPU.Build.0 = Debug|Any CPU
		{BC81A0D3-1B97-11E8-2D64-F957980DCE04}.Release|Any CPU.ActiveCfg = Release|Any CPU
		{BC81A0D3-1B97-11E8-2D64-F957980DCE04}.Release|Any CPU.Build.0 = Release|Any CPU
		{4633E4D6-5223-71BF-F883-DEC73972D302}.Debug|Any CPU.ActiveCfg = Debug|Any CPU
		{4633E4D6-5223-71BF-F883-DEC73972D302}.Debug|Any CPU.Build.0 = Debug|Any CPU
		{4633E4D6-5223-71BF-F883-DEC73972D302}.Release|Any CPU.ActiveCfg = Release|Any CPU
		{4633E4D6-5223-71BF-F883-DEC73972D302}.Release|Any CPU.Build.0 = Release|Any CPU
		{72BF2F8F-90C7-D76C-5D12-A7FC2461DAC1}.Debug|Any CPU.ActiveCfg = Debug|Any CPU
		{72BF2F8F-90C7-D76C-5D12-A7FC2461DAC1}.Debug|Any CPU.Build.0 = Debug|Any CPU
		{72BF2F8F-90C7-D76C-5D12-A7FC2461DAC1}.Release|Any CPU.ActiveCfg = Release|Any CPU
		{72BF2F8F-90C7-D76C-5D12-A7FC2461DAC1}.Release|Any CPU.Build.0 = Release|Any CPU
		{CBDA3C5D-C4D2-2043-E210-525795C399F2}.Debug|Any CPU.ActiveCfg = Debug|Any CPU
		{CBDA3C5D-C4D2-2043-E210-525795C399F2}.Debug|Any CPU.Build.0 = Debug|Any CPU
		{CBDA3C5D-C4D2-2043-E210-525795C399F2}.Release|Any CPU.ActiveCfg = Release|Any CPU
		{CBDA3C5D-C4D2-2043-E210-525795C399F2}.Release|Any CPU.Build.0 = Release|Any CPU
		{36EA610A-7048-E98C-8EFA-09FF8A76A4B9}.Debug|Any CPU.ActiveCfg = Debug|Any CPU
		{36EA610A-7048-E98C-8EFA-09FF8A76A4B9}.Debug|Any CPU.Build.0 = Debug|Any CPU
		{36EA610A-7048-E98C-8EFA-09FF8A76A4B9}.Release|Any CPU.ActiveCfg = Release|Any CPU
		{36EA610A-7048-E98C-8EFA-09FF8A76A4B9}.Release|Any CPU.Build.0 = Release|Any CPU
		{50593D10-C56C-43C1-583D-8BC715A299F6}.Debug|Any CPU.ActiveCfg = Debug|Any CPU
		{50593D10-C56C-43C1-583D-8BC715A299F6}.Debug|Any CPU.Build.0 = Debug|Any CPU
		{50593D10-C56C-43C1-583D-8BC715A299F6}.Release|Any CPU.ActiveCfg = Release|Any CPU
		{50593D10-C56C-43C1-583D-8BC715A299F6}.Release|Any CPU.Build.0 = Release|Any CPU
		{EDF735A9-7F73-9FC5-E011-92D5BE48D40E}.Debug|Any CPU.ActiveCfg = Debug|Any CPU
		{EDF735A9-7F73-9FC5-E011-92D5BE48D40E}.Debug|Any CPU.Build.0 = Debug|Any CPU
		{EDF735A9-7F73-9FC5-E011-92D5BE48D40E}.Release|Any CPU.ActiveCfg = Release|Any CPU
		{EDF735A9-7F73-9FC5-E011-92D5BE48D40E}.Release|Any CPU.Build.0 = Release|Any CPU
	EndGlobalSection
	GlobalSection(SolutionProperties) = preSolution
		HideSolutionNode = FALSE
	EndGlobalSection
EndGlobal
